
Microsoft Visual Studio Solution File, Format Version 12.00
# Visual Studio Version 16
VisualStudioVersion = 16.0.30626.31
MinimumVisualStudioVersion = 10.0.40219.1
Project("{FAE04EC0-301F-11D3-BF4B-00C04F79EFBC}") = "AspNetDotNet5Commands.VisualStudio", "AspNetDotNet5Commands.VisualStudio.csproj", "{0FEAE263-2927-484F-8544-933796233BB8}"
EndProject
Project("{9A19103F-16F7-4668-BE54-9A1E7A4F7556}") = "TestCodeFactoryDotNet5WebApp", "..\CodeFactoryDotNet5WebAppTest\TestCodeFactoryDotNet5WebApp.csproj", "{D5E428AC-E40C-484F-B4BE-9922A838C355}"
EndProject
Global
	GlobalSection(SolutionConfigurationPlatforms) = preSolution
		Debug|Any CPU = Debug|Any CPU
		Release|Any CPU = Release|Any CPU
	EndGlobalSection
	GlobalSection(ProjectConfigurationPlatforms) = postSolution
		{0FEAE263-2927-484F-8544-933796233BB8}.Debug|Any CPU.ActiveCfg = Debug|Any CPU
		{0FEAE263-2927-484F-8544-933796233BB8}.Debug|Any CPU.Build.0 = Debug|Any CPU
		{0FEAE263-2927-484F-8544-933796233BB8}.Release|Any CPU.ActiveCfg = Release|Any CPU
		{0FEAE263-2927-484F-8544-933796233BB8}.Release|Any CPU.Build.0 = Release|Any CPU
		{D5E428AC-E40C-484F-B4BE-9922A838C355}.Debug|Any CPU.ActiveCfg = Debug|Any CPU
		{D5E428AC-E40C-484F-B4BE-9922A838C355}.Debug|Any CPU.Build.0 = Debug|Any CPU
		{D5E428AC-E40C-484F-B4BE-9922A838C355}.Release|Any CPU.ActiveCfg = Release|Any CPU
		{D5E428AC-E40C-484F-B4BE-9922A838C355}.Release|Any CPU.Build.0 = Release|Any CPU
	EndGlobalSection
	GlobalSection(SolutionProperties) = preSolution
		HideSolutionNode = FALSE
	EndGlobalSection
	GlobalSection(ExtensibilityGlobals) = postSolution
		SolutionGuid = {6242F606-23F2-4C07-B520-A08BC1703577}
	EndGlobalSection
EndGlobal
